# This file is automatically @generated by Cargo.
# It is not intended for manual editing.
version = 3

[[package]]
name = "bytemuck"
version = "1.19.0"
source = "registry+https://github.com/rust-lang/crates.io-index"
checksum = "8334215b81e418a0a7bdb8ef0849474f40bb10c8b71f1c4ed315cff49f32494d"

[[package]]
name = "equidistributed-colors"
version = "0.1.0"
dependencies = [
 "hsl",
 "oklab",
 "rgb",
]

[[package]]
name = "fast-srgb8"
version = "1.0.0"
source = "registry+https://github.com/rust-lang/crates.io-index"
checksum = "dd2e7510819d6fbf51a5545c8f922716ecfb14df168a3242f7d33e0239efe6a1"

[[package]]
name = "hsl"
version = "0.1.1"
source = "registry+https://github.com/rust-lang/crates.io-index"
checksum = "575fb7f1167f3b88ed825e90eb14918ac460461fdeaa3965c6a50951dee1c970"

[[package]]
name = "oklab"
version = "1.1.2"
source = "registry+https://github.com/rust-lang/crates.io-index"
checksum = "c1e35ab3c8efa6bc97d651abe7fb051aebb30c925a450ff6722cf9c797a938cc"
dependencies = [
 "fast-srgb8",
 "rgb",
]

[[package]]
name = "rgb"
version = "0.8.50"
source = "registry+https://github.com/rust-lang/crates.io-index"
checksum = "57397d16646700483b67d2dd6511d79318f9d057fdbd21a4066aeac8b41d310a"
dependencies = [
 "bytemuck",
]
